
Microsoft Visual Studio Solution File, Format Version 12.00
# Visual Studio Version 16
VisualStudioVersion = 16.0.31624.102
MinimumVisualStudioVersion = 10.0.40219.1
Project("{9A19103F-16F7-4668-BE54-9A1E7A4F7556}") = "EmplSchoolMange", "EmplSchoolMange\EmplSchoolMange.csproj", "{3552B26A-15ED-4F63-93A9-33311EDFA4DF}"
EndProject
Global
	GlobalSection(SolutionConfigurationPlatforms) = preSolution
		Debug|Any CPU = Debug|Any CPU
		Release|Any CPU = Release|Any CPU
	EndGlobalSection
	GlobalSection(ProjectConfigurationPlatforms) = postSolution
		{3552B26A-15ED-4F63-93A9-33311EDFA4DF}.Debug|Any CPU.ActiveCfg = Debug|Any CPU
		{3552B26A-15ED-4F63-93A9-33311EDFA4DF}.Debug|Any CPU.Build.0 = Debug|Any CPU
		{3552B26A-15ED-4F63-93A9-33311EDFA4DF}.Release|Any CPU.ActiveCfg = Release|Any CPU
		{3552B26A-15ED-4F63-93A9-33311EDFA4DF}.Release|Any CPU.Build.0 = Release|Any CPU
	EndGlobalSection
	GlobalSection(SolutionProperties) = preSolution
		HideSolutionNode = FALSE
	EndGlobalSection
	GlobalSection(ExtensibilityGlobals) = postSolution
		SolutionGuid = {EB5DAFF1-40C9-47AE-99AF-0BB38322AF00}
	EndGlobalSection
EndGlobal
